
Microsoft Visual Studio Solution File, Format Version 12.00
# Visual Studio Version 16
VisualStudioVersion = 16.0.29709.97
MinimumVisualStudioVersion = 10.0.40219.1
Project("{FAE04EC0-301F-11D3-BF4B-00C04F79EFBC}") = "LodgeDogDB", "LodgeDogDB.csproj", "{37586D7C-B940-4696-8800-84771A7C03CF}"
EndProject
Global
	GlobalSection(SolutionConfigurationPlatforms) = preSolution
		Debug|Any CPU = Debug|Any CPU
		Release|Any CPU = Release|Any CPU
	EndGlobalSection
	GlobalSection(ProjectConfigurationPlatforms) = postSolution
		{37586D7C-B940-4696-8800-84771A7C03CF}.Debug|Any CPU.ActiveCfg = Debug|Any CPU
		{37586D7C-B940-4696-8800-84771A7C03CF}.Debug|Any CPU.Build.0 = Debug|Any CPU
		{37586D7C-B940-4696-8800-84771A7C03CF}.Release|Any CPU.ActiveCfg = Release|Any CPU
		{37586D7C-B940-4696-8800-84771A7C03CF}.Release|Any CPU.Build.0 = Release|Any CPU
	EndGlobalSection
	GlobalSection(SolutionProperties) = preSolution
		HideSolutionNode = FALSE
	EndGlobalSection
	GlobalSection(ExtensibilityGlobals) = postSolution
		SolutionGuid = {180A887D-1A98-4A46-8931-33C1E129A27F}
	EndGlobalSection
EndGlobal
